
Microsoft Visual Studio Solution File, Format Version 12.00
# Visual Studio Version 17
VisualStudioVersion = 17.7.34031.279
MinimumVisualStudioVersion = 10.0.40219.1
Project("{FAE04EC0-301F-11D3-BF4B-00C04F79EFBC}") = "MFA", "MFA.csproj", "{0C9227E2-6925-4E7D-9203-1006A0467ED4}"
EndProject
Global
	GlobalSection(SolutionConfigurationPlatforms) = preSolution
		Debug|Any CPU = Debug|Any CPU
		Release|Any CPU = Release|Any CPU
	EndGlobalSection
	GlobalSection(ProjectConfigurationPlatforms) = postSolution
		{0C9227E2-6925-4E7D-9203-1006A0467ED4}.Debug|Any CPU.ActiveCfg = Debug|Any CPU
		{0C9227E2-6925-4E7D-9203-1006A0467ED4}.Debug|Any CPU.Build.0 = Debug|Any CPU
		{0C9227E2-6925-4E7D-9203-1006A0467ED4}.Release|Any CPU.ActiveCfg = Release|Any CPU
		{0C9227E2-6925-4E7D-9203-1006A0467ED4}.Release|Any CPU.Build.0 = Release|Any CPU
	EndGlobalSection
	GlobalSection(SolutionProperties) = preSolution
		HideSolutionNode = FALSE
	EndGlobalSection
	GlobalSection(ExtensibilityGlobals) = postSolution
		SolutionGuid = {BC8903F9-2BBE-49F6-8A61-D8CA5B5D83E3}
	EndGlobalSection
EndGlobal
